
Microsoft Visual Studio Solution File, Format Version 12.00
# Visual Studio Version 17
VisualStudioVersion = 17.4.33403.182
MinimumVisualStudioVersion = 10.0.40219.1
Project("{9A19103F-16F7-4668-BE54-9A1E7A4F7556}") = "Dev65", "Dev65\Dev65.csproj", "{27D9F331-6251-47BF-82EC-8374FDFAF4F5}"
EndProject
Project("{FAE04EC0-301F-11D3-BF4B-00C04F79EFBC}") = "Dev65UI", "Dev65UI\Dev65UI.csproj", "{CCD1FF04-8EA6-4391-8378-5F0BB06407D2}"
EndProject
Project("{FAE04EC0-301F-11D3-BF4B-00C04F79EFBC}") = "Dev65WPF", "Dev65WPF\Dev65WPF.csproj", "{D226440C-7CAA-44BF-BB7E-2E7B23458BBC}"
EndProject
Global
	GlobalSection(SolutionConfigurationPlatforms) = preSolution
		Debug|Any CPU = Debug|Any CPU
		Release|Any CPU = Release|Any CPU
	EndGlobalSection
	GlobalSection(ProjectConfigurationPlatforms) = postSolution
		{27D9F331-6251-47BF-82EC-8374FDFAF4F5}.Debug|Any CPU.ActiveCfg = Debug|Any CPU
		{27D9F331-6251-47BF-82EC-8374FDFAF4F5}.Debug|Any CPU.Build.0 = Debug|Any CPU
		{27D9F331-6251-47BF-82EC-8374FDFAF4F5}.Release|Any CPU.ActiveCfg = Release|Any CPU
		{27D9F331-6251-47BF-82EC-8374FDFAF4F5}.Release|Any CPU.Build.0 = Release|Any CPU
		{CCD1FF04-8EA6-4391-8378-5F0BB06407D2}.Debug|Any CPU.ActiveCfg = Debug|Any CPU
		{CCD1FF04-8EA6-4391-8378-5F0BB06407D2}.Debug|Any CPU.Build.0 = Debug|Any CPU
		{CCD1FF04-8EA6-4391-8378-5F0BB06407D2}.Release|Any CPU.ActiveCfg = Release|Any CPU
		{CCD1FF04-8EA6-4391-8378-5F0BB06407D2}.Release|Any CPU.Build.0 = Release|Any CPU
		{D226440C-7CAA-44BF-BB7E-2E7B23458BBC}.Debug|Any CPU.ActiveCfg = Debug|Any CPU
		{D226440C-7CAA-44BF-BB7E-2E7B23458BBC}.Debug|Any CPU.Build.0 = Debug|Any CPU
		{D226440C-7CAA-44BF-BB7E-2E7B23458BBC}.Release|Any CPU.ActiveCfg = Release|Any CPU
		{D226440C-7CAA-44BF-BB7E-2E7B23458BBC}.Release|Any CPU.Build.0 = Release|Any CPU
	EndGlobalSection
	GlobalSection(SolutionProperties) = preSolution
		HideSolutionNode = FALSE
	EndGlobalSection
	GlobalSection(ExtensibilityGlobals) = postSolution
		SolutionGuid = {433F853E-61D5-42F3-88C3-C86E7B873638}
	EndGlobalSection
EndGlobal
